// !$*UTF8*$!
{
	archiveVersion = 1;
	classes = {
	};
	objectVersion = 46;
	objects = {

/* Begin PBXBuildFile section */
		F6A8E1EE14125CD800A94FA1 /* DatePickerController.m in Sources */ = {isa = PBXBuildFile; fileRef = F6A8E1ED14125CD800A94FA1 /* DatePickerController.m */; };
		F6C7D32A140D976400326BEA /* UIKit.framework in Frameworks */ = {isa = PBXBuildFile; fileRef = F6C7D329140D976400326BEA /* UIKit.framework */; };
		F6C7D32C140D976400326BEA /* Foundation.framework in Frameworks */ = {isa = PBXBuildFile; fileRef = F6C7D32B140D976400326BEA /* Foundation.framework */; };
		F6C7D32E140D976400326BEA /* CoreGraphics.framework in Frameworks */ = {isa = PBXBuildFile; fileRef = F6C7D32D140D976400326BEA /* CoreGraphics.framework */; };
		F6C7D334140D976400326BEA /* InfoPlist.strings in Resources */ = {isa = PBXBuildFile; fileRef = F6C7D332140D976400326BEA /* InfoPlist.strings */; };
		F6C7D336140D976400326BEA /* main.m in Sources */ = {isa = PBXBuildFile; fileRef = F6C7D335140D976400326BEA /* main.m */; };
		F6C7D33A140D976400326BEA /* SharedBillsAppDelegate.m in Sources */ = {isa = PBXBuildFile; fileRef = F6C7D339140D976400326BEA /* SharedBillsAppDelegate.m */; };
		F6C7D33D140D976400326BEA /* MainWindow.xib in Resources */ = {isa = PBXBuildFile; fileRef = F6C7D33B140D976400326BEA /* MainWindow.xib */; };
		F6C7D340140D976400326BEA /* FirstViewController.m in Sources */ = {isa = PBXBuildFile; fileRef = F6C7D33F140D976400326BEA /* FirstViewController.m */; };
		F6C7D343140D976400326BEA /* SecondViewController.m in Sources */ = {isa = PBXBuildFile; fileRef = F6C7D342140D976400326BEA /* SecondViewController.m */; };
		F6C7D346140D976400326BEA /* FirstView.xib in Resources */ = {isa = PBXBuildFile; fileRef = F6C7D344140D976400326BEA /* FirstView.xib */; };
		F6C7D349140D976400326BEA /* SecondView.xib in Resources */ = {isa = PBXBuildFile; fileRef = F6C7D347140D976400326BEA /* SecondView.xib */; };
		F6C7D350140D994700326BEA /* CoreData.framework in Frameworks */ = {isa = PBXBuildFile; fileRef = F6C7D34F140D994700326BEA /* CoreData.framework */; };
		F6C7D352140D9AB000326BEA /* libsqlite3.dylib in Frameworks */ = {isa = PBXBuildFile; fileRef = F6C7D351140D9AB000326BEA /* libsqlite3.dylib */; };
		FC6CBD1D140F14D5002274EE /* NewTransViewController.m in Sources */ = {isa = PBXBuildFile; fileRef = FC6CBD1B140F14D5002274EE /* NewTransViewController.m */; };
/* End PBXBuildFile section */

/* Begin PBXFileReference section */
		F6A8E1EC14125CD800A94FA1 /* DatePickerController.h */ = {isa = PBXFileReference; fileEncoding = 4; lastKnownFileType = sourcecode.c.h; path = DatePickerController.h; sourceTree = "<group>"; };
		F6A8E1ED14125CD800A94FA1 /* DatePickerController.m */ = {isa = PBXFileReference; fileEncoding = 4; lastKnownFileType = sourcecode.c.objc; path = DatePickerController.m; sourceTree = "<group>"; };
		F6C7D325140D976300326BEA /* SharedBills.app */ = {isa = PBXFileReference; explicitFileType = wrapper.application; includeInIndex = 0; path = SharedBills.app; sourceTree = BUILT_PRODUCTS_DIR; };
		F6C7D329140D976400326BEA /* UIKit.framework */ = {isa = PBXFileReference; lastKnownFileType = wrapper.framework; name = UIKit.framework; path = System/Library/Frameworks/UIKit.framework; sourceTree = SDKROOT; };
		F6C7D32B140D976400326BEA /* Foundation.framework */ = {isa = PBXFileReference; lastKnownFileType = wrapper.framework; name = Foundation.framework; path = System/Library/Frameworks/Foundation.framework; sourceTree = SDKROOT; };
		F6C7D32D140D976400326BEA /* CoreGraphics.framework */ = {isa = PBXFileReference; lastKnownFileType = wrapper.framework; name = CoreGraphics.framework; path = System/Library/Frameworks/CoreGraphics.framework; sourceTree = SDKROOT; };
		F6C7D331140D976400326BEA /* SharedBills-Info.plist */ = {isa = PBXFileReference; lastKnownFileType = text.plist.xml; path = "SharedBills-Info.plist"; sourceTree = "<group>"; };
		F6C7D333140D976400326BEA /* en */ = {isa = PBXFileReference; lastKnownFileType = text.plist.strings; name = en; path = en.lproj/InfoPlist.strings; sourceTree = "<group>"; };
		F6C7D335140D976400326BEA /* main.m */ = {isa = PBXFileReference; lastKnownFileType = sourcecode.c.objc; path = main.m; sourceTree = "<group>"; };
		F6C7D337140D976400326BEA /* SharedBills-Prefix.pch */ = {isa = PBXFileReference; lastKnownFileType = sourcecode.c.h; path = "SharedBills-Prefix.pch"; sourceTree = "<group>"; };
		F6C7D338140D976400326BEA /* SharedBillsAppDelegate.h */ = {isa = PBXFileReference; lastKnownFileType = sourcecode.c.h; path = SharedBillsAppDelegate.h; sourceTree = "<group>"; };
		F6C7D339140D976400326BEA /* SharedBillsAppDelegate.m */ = {isa = PBXFileReference; lastKnownFileType = sourcecode.c.objc; path = SharedBillsAppDelegate.m; sourceTree = "<group>"; };
		F6C7D33C140D976400326BEA /* en */ = {isa = PBXFileReference; lastKnownFileType = file.xib; name = en; path = en.lproj/MainWindow.xib; sourceTree = "<group>"; };
		F6C7D33E140D976400326BEA /* FirstViewController.h */ = {isa = PBXFileReference; lastKnownFileType = sourcecode.c.h; path = FirstViewController.h; sourceTree = "<group>"; };
		F6C7D33F140D976400326BEA /* FirstViewController.m */ = {isa = PBXFileReference; lastKnownFileType = sourcecode.c.objc; path = FirstViewController.m; sourceTree = "<group>"; };
		F6C7D341140D976400326BEA /* SecondViewController.h */ = {isa = PBXFileReference; lastKnownFileType = sourcecode.c.h; path = SecondViewController.h; sourceTree = "<group>"; };
		F6C7D342140D976400326BEA /* SecondViewController.m */ = {isa = PBXFileReference; lastKnownFileType = sourcecode.c.objc; path = SecondViewController.m; sourceTree = "<group>"; };
		F6C7D345140D976400326BEA /* en */ = {isa = PBXFileReference; lastKnownFileType = file.xib; name = en; path = en.lproj/FirstView.xib; sourceTree = "<group>"; };
		F6C7D348140D976400326BEA /* en */ = {isa = PBXFileReference; lastKnownFileType = file.xib; name = en; path = en.lproj/SecondView.xib; sourceTree = "<group>"; };
		F6C7D34F140D994700326BEA /* CoreData.framework */ = {isa = PBXFileReference; lastKnownFileType = wrapper.framework; name = CoreData.framework; path = System/Library/Frameworks/CoreData.framework; sourceTree = SDKROOT; };
		F6C7D351140D9AB000326BEA /* libsqlite3.dylib */ = {isa = PBXFileReference; lastKnownFileType = "compiled.mach-o.dylib"; name = libsqlite3.dylib; path = usr/lib/libsqlite3.dylib; sourceTree = SDKROOT; };
		FC6CBD1A140F14D5002274EE /* NewTransViewController.h */ = {isa = PBXFileReference; fileEncoding = 4; lastKnownFileType = sourcecode.c.h; name = NewTransViewController.h; path = ../NewTransViewController.h; sourceTree = "<group>"; };
		FC6CBD1B140F14D5002274EE /* NewTransViewController.m */ = {isa = PBXFileReference; fileEncoding = 4; lastKnownFileType = sourcecode.c.objc; name = NewTransViewController.m; path = ../NewTransViewController.m; sourceTree = "<group>"; };
/* End PBXFileReference section */

/* Begin PBXFrameworksBuildPhase section */
		F6C7D322140D976300326BEA /* Frameworks */ = {
			isa = PBXFrameworksBuildPhase;
			buildActionMask = 2147483647;
			files = (
				F6C7D352140D9AB000326BEA /* libsqlite3.dylib in Frameworks */,
				F6C7D350140D994700326BEA /* CoreData.framework in Frameworks */,
				F6C7D32A140D976400326BEA /* UIKit.framework in Frameworks */,
				F6C7D32C140D976400326BEA /* Foundation.framework in Frameworks */,
				F6C7D32E140D976400326BEA /* CoreGraphics.framework in Frameworks */,
			);
			runOnlyForDeploymentPostprocessing = 0;
		};
/* End PBXFrameworksBuildPhase section */

/* Begin PBXGroup section */
		F6C7D31A140D976300326BEA = {
			isa = PBXGroup;
			children = (
				F6C7D32F140D976400326BEA /* SharedBills */,
				F6C7D328140D976300326BEA /* Frameworks */,
				F6C7D326140D976300326BEA /* Products */,
			);
			sourceTree = "<group>";
		};
		F6C7D326140D976300326BEA /* Products */ = {
			isa = PBXGroup;
			children = (
				F6C7D325140D976300326BEA /* SharedBills.app */,
			);
			name = Products;
			sourceTree = "<group>";
		};
		F6C7D328140D976300326BEA /* Frameworks */ = {
			isa = PBXGroup;
			children = (
				F6C7D351140D9AB000326BEA /* libsqlite3.dylib */,
				F6C7D34F140D994700326BEA /* CoreData.framework */,
				F6C7D329140D976400326BEA /* UIKit.framework */,
				F6C7D32B140D976400326BEA /* Foundation.framework */,
				F6C7D32D140D976400326BEA /* CoreGraphics.framework */,
			);
			name = Frameworks;
			sourceTree = "<group>";
		};
		F6C7D32F140D976400326BEA /* SharedBills */ = {
			isa = PBXGroup;
			children = (
				F6A8E1EC14125CD800A94FA1 /* DatePickerController.h */,
				F6A8E1ED14125CD800A94FA1 /* DatePickerController.m */,
				FC6CBD1A140F14D5002274EE /* NewTransViewController.h */,
				FC6CBD1B140F14D5002274EE /* NewTransViewController.m */,
				F6C7D338140D976400326BEA /* SharedBillsAppDelegate.h */,
				F6C7D339140D976400326BEA /* SharedBillsAppDelegate.m */,
				F6C7D33B140D976400326BEA /* MainWindow.xib */,
				F6C7D33E140D976400326BEA /* FirstViewController.h */,
				F6C7D33F140D976400326BEA /* FirstViewController.m */,
				F6C7D341140D976400326BEA /* SecondViewController.h */,
				F6C7D342140D976400326BEA /* SecondViewController.m */,
				F6C7D344140D976400326BEA /* FirstView.xib */,
				F6C7D347140D976400326BEA /* SecondView.xib */,
				F6C7D330140D976400326BEA /* Supporting Files */,
			);
			path = SharedBills;
			sourceTree = "<group>";
		};
		F6C7D330140D976400326BEA /* Supporting Files */ = {
			isa = PBXGroup;
			children = (
				F6C7D331140D976400326BEA /* SharedBills-Info.plist */,
				F6C7D332140D976400326BEA /* InfoPlist.strings */,
				F6C7D335140D976400326BEA /* main.m */,
				F6C7D337140D976400326BEA /* SharedBills-Prefix.pch */,
			);
			name = "Supporting Files";
			sourceTree = "<group>";
		};
/* End PBXGroup section */

/* Begin PBXNativeTarget section */
		F6C7D324140D976300326BEA /* SharedBills */ = {
			isa = PBXNativeTarget;
			buildConfigurationList = F6C7D34C140D976400326BEA /* Build configuration list for PBXNativeTarget "SharedBills" */;
			buildPhases = (
				F6C7D321140D976300326BEA /* Sources */,
				F6C7D322140D976300326BEA /* Frameworks */,
				F6C7D323140D976300326BEA /* Resources */,
			);
			buildRules = (
			);
			dependencies = (
			);
			name = SharedBills;
			productName = SharedBills;
			productReference = F6C7D325140D976300326BEA /* SharedBills.app */;
			productType = "com.apple.product-type.application";
		};
/* End PBXNativeTarget section */

/* Begin PBXProject section */
		F6C7D31C140D976300326BEA /* Project object */ = {
			isa = PBXProject;
			buildConfigurationList = F6C7D31F140D976300326BEA /* Build configuration list for PBXProject "SharedBills" */;
			compatibilityVersion = "Xcode 3.2";
			developmentRegion = English;
			hasScannedForEncodings = 0;
			knownRegions = (
				en,
			);
			mainGroup = F6C7D31A140D976300326BEA;
			productRefGroup = F6C7D326140D976300326BEA /* Products */;
			projectDirPath = "";
			projectRoot = "";
			targets = (
				F6C7D324140D976300326BEA /* SharedBills */,
			);
		};
/* End PBXProject section */

/* Begin PBXResourcesBuildPhase section */
		F6C7D323140D976300326BEA /* Resources */ = {
			isa = PBXResourcesBuildPhase;
			buildActionMask = 2147483647;
			files = (
				F6C7D334140D976400326BEA /* InfoPlist.strings in Resources */,
				F6C7D33D140D976400326BEA /* MainWindow.xib in Resources */,
				F6C7D346140D976400326BEA /* FirstView.xib in Resources */,
				F6C7D349140D976400326BEA /* SecondView.xib in Resources */,
			);
			runOnlyForDeploymentPostprocessing = 0;
		};
/* End PBXResourcesBuildPhase section */

/* Begin PBXSourcesBuildPhase section */
		F6C7D321140D976300326BEA /* Sources */ = {
			isa = PBXSourcesBuildPhase;
			buildActionMask = 2147483647;
			files = (
				F6C7D336140D976400326BEA /* main.m in Sources */,
				F6C7D33A140D976400326BEA /* SharedBillsAppDelegate.m in Sources */,
				F6C7D340140D976400326BEA /* FirstViewController.m in Sources */,
				F6C7D343140D976400326BEA /* SecondViewController.m in Sources */,
				FC6CBD1D140F14D5002274EE /* NewTransViewController.m in Sources */,
				F6A8E1EE14125CD800A94FA1 /* DatePickerController.m in Sources */,
			);
			runOnlyForDeploymentPostprocessing = 0;
		};
/* End PBXSourcesBuildPhase section */

/* Begin PBXVariantGroup section */
		F6C7D332140D976400326BEA /* InfoPlist.strings */ = {
			isa = PBXVariantGroup;
			children = (
				F6C7D333140D976400326BEA /* en */,
			);
			name = InfoPlist.strings;
			sourceTree = "<group>";
		};
		F6C7D33B140D976400326BEA /* MainWindow.xib */ = {
			isa = PBXVariantGroup;
			children = (
				F6C7D33C140D976400326BEA /* en */,
			);
			name = MainWindow.xib;
			sourceTree = "<group>";
		};
		F6C7D344140D976400326BEA /* FirstView.xib */ = {
			isa = PBXVariantGroup;
			children = (
				F6C7D345140D976400326BEA /* en */,
			);
			name = FirstView.xib;
			sourceTree = "<group>";
		};
		F6C7D347140D976400326BEA /* SecondView.xib */ = {
			isa = PBXVariantGroup;
			children = (
				F6C7D348140D976400326BEA /* en */,
			);
			name = SecondView.xib;
			sourceTree = "<group>";
		};
/* End PBXVariantGroup section */

/* Begin XCBuildConfiguration section */
		F6C7D34A140D976400326BEA /* Debug */ = {
			isa = XCBuildConfiguration;
			buildSettings = {
				ALWAYS_SEARCH_USER_PATHS = NO;
				ARCHS = "$(ARCHS_STANDARD_32_BIT)";
				"CODE_SIGN_IDENTITY[sdk=iphoneos*]" = "iPhone Developer";
				COPY_PHASE_STRIP = NO;
				GCC_C_LANGUAGE_STANDARD = gnu99;
				GCC_DYNAMIC_NO_PIC = NO;
				GCC_OPTIMIZATION_LEVEL = 0;
				GCC_PREPROCESSOR_DEFINITIONS = (
					"DEBUG=1",
					"$(inherited)",
				);
				GCC_SYMBOLS_PRIVATE_EXTERN = NO;
				GCC_VERSION = com.apple.compilers.llvmgcc42;
				GCC_WARN_ABOUT_MISSING_PROTOTYPES = YES;
				GCC_WARN_ABOUT_RETURN_TYPE = YES;
				GCC_WARN_UNUSED_VARIABLE = YES;
				IPHONEOS_DEPLOYMENT_TARGET = 4.3;
				SDKROOT = iphoneos;
			};
			name = Debug;
		};
		F6C7D34B140D976400326BEA /* Release */ = {
			isa = XCBuildConfiguration;
			buildSettings = {
				ALWAYS_SEARCH_USER_PATHS = NO;
				ARCHS = "$(ARCHS_STANDARD_32_BIT)";
				"CODE_SIGN_IDENTITY[sdk=iphoneos*]" = "iPhone Developer";
				COPY_PHASE_STRIP = YES;
				GCC_C_LANGUAGE_STANDARD = gnu99;
				GCC_VERSION = com.apple.compilers.llvmgcc42;
				GCC_WARN_ABOUT_MISSING_PROTOTYPES = YES;
				GCC_WARN_ABOUT_RETURN_TYPE = YES;
				GCC_WARN_UNUSED_VARIABLE = YES;
				IPHONEOS_DEPLOYMENT_TARGET = 4.3;
				OTHER_CFLAGS = "-DNS_BLOCK_ASSERTIONS=1";
				SDKROOT = iphoneos;
				VALIDATE_PRODUCT = YES;
			};
			name = Release;
		};
		F6C7D34D140D976400326BEA /* Debug */ = {
			isa = XCBuildConfiguration;
			buildSettings = {
				GCC_PRECOMPILE_PREFIX_HEADER = YES;
				GCC_PREFIX_HEADER = "SharedBills/SharedBills-Prefix.pch";
				INFOPLIST_FILE = "SharedBills/SharedBills-Info.plist";
				PRODUCT_NAME = "$(TARGET_NAME)";
				WRAPPER_EXTENSION = app;
			};
			name = Debug;
		};
		F6C7D34E140D976400326BEA /* Release */ = {
			isa = XCBuildConfiguration;
			buildSettings = {
				GCC_PRECOMPILE_PREFIX_HEADER = YES;
				GCC_PREFIX_HEADER = "SharedBills/SharedBills-Prefix.pch";
				INFOPLIST_FILE = "SharedBills/SharedBills-Info.plist";
				PRODUCT_NAME = "$(TARGET_NAME)";
				WRAPPER_EXTENSION = app;
			};
			name = Release;
		};
/* End XCBuildConfiguration section */

/* Begin XCConfigurationList section */
		F6C7D31F140D976300326BEA /* Build configuration list for PBXProject "SharedBills" */ = {
			isa = XCConfigurationList;
			buildConfigurations = (
				F6C7D34A140D976400326BEA /* Debug */,
				F6C7D34B140D976400326BEA /* Release */,
			);
			defaultConfigurationIsVisible = 0;
			defaultConfigurationName = Release;
		};
		F6C7D34C140D976400326BEA /* Build configuration list for PBXNativeTarget "SharedBills" */ = {
			isa = XCConfigurationList;
			buildConfigurations = (
				F6C7D34D140D976400326BEA /* Debug */,
				F6C7D34E140D976400326BEA /* Release */,
			);
			defaultConfigurationIsVisible = 0;
			defaultConfigurationName = Release;
		};
/* End XCConfigurationList section */
	};
	rootObject = F6C7D31C140D976300326BEA /* Project object */;
}
