// !$*UTF8*$!
{
	archiveVersion = 1;
	classes = {
	};
	objectVersion = 46;
	objects = {

/* Begin PBXBuildFile section */
		F608296B140C861E006EBA8E /* UIKit.framework in Frameworks */ = {isa = PBXBuildFile; fileRef = F608296A140C861E006EBA8E /* UIKit.framework */; };
		F608296D140C861E006EBA8E /* Foundation.framework in Frameworks */ = {isa = PBXBuildFile; fileRef = F608296C140C861E006EBA8E /* Foundation.framework */; };
		F608296F140C861E006EBA8E /* CoreGraphics.framework in Frameworks */ = {isa = PBXBuildFile; fileRef = F608296E140C861E006EBA8E /* CoreGraphics.framework */; };
		F6082975140C861E006EBA8E /* InfoPlist.strings in Resources */ = {isa = PBXBuildFile; fileRef = F6082973140C861E006EBA8E /* InfoPlist.strings */; };
		F6082977140C861E006EBA8E /* main.m in Sources */ = {isa = PBXBuildFile; fileRef = F6082976140C861E006EBA8E /* main.m */; };
		F608297B140C861E006EBA8E /* SharedBillsAppDelegate.m in Sources */ = {isa = PBXBuildFile; fileRef = F608297A140C861E006EBA8E /* SharedBillsAppDelegate.m */; };
		F608297E140C861E006EBA8E /* MainWindow.xib in Resources */ = {isa = PBXBuildFile; fileRef = F608297C140C861E006EBA8E /* MainWindow.xib */; };
		F6082981140C861E006EBA8E /* FirstViewController.m in Sources */ = {isa = PBXBuildFile; fileRef = F6082980140C861E006EBA8E /* FirstViewController.m */; };
		F6082984140C861E006EBA8E /* SecondViewController.m in Sources */ = {isa = PBXBuildFile; fileRef = F6082983140C861E006EBA8E /* SecondViewController.m */; };
		F6082987140C861E006EBA8E /* FirstView.xib in Resources */ = {isa = PBXBuildFile; fileRef = F6082985140C861E006EBA8E /* FirstView.xib */; };
		F608298A140C861E006EBA8E /* SecondView.xib in Resources */ = {isa = PBXBuildFile; fileRef = F6082988140C861E006EBA8E /* SecondView.xib */; };
/* End PBXBuildFile section */

/* Begin PBXFileReference section */
		F6082966140C861D006EBA8E /* SharedBills.app */ = {isa = PBXFileReference; explicitFileType = wrapper.application; includeInIndex = 0; path = SharedBills.app; sourceTree = BUILT_PRODUCTS_DIR; };
		F608296A140C861E006EBA8E /* UIKit.framework */ = {isa = PBXFileReference; lastKnownFileType = wrapper.framework; name = UIKit.framework; path = System/Library/Frameworks/UIKit.framework; sourceTree = SDKROOT; };
		F608296C140C861E006EBA8E /* Foundation.framework */ = {isa = PBXFileReference; lastKnownFileType = wrapper.framework; name = Foundation.framework; path = System/Library/Frameworks/Foundation.framework; sourceTree = SDKROOT; };
		F608296E140C861E006EBA8E /* CoreGraphics.framework */ = {isa = PBXFileReference; lastKnownFileType = wrapper.framework; name = CoreGraphics.framework; path = System/Library/Frameworks/CoreGraphics.framework; sourceTree = SDKROOT; };
		F6082972140C861E006EBA8E /* SharedBills-Info.plist */ = {isa = PBXFileReference; lastKnownFileType = text.plist.xml; path = "SharedBills-Info.plist"; sourceTree = "<group>"; };
		F6082974140C861E006EBA8E /* en */ = {isa = PBXFileReference; lastKnownFileType = text.plist.strings; name = en; path = en.lproj/InfoPlist.strings; sourceTree = "<group>"; };
		F6082976140C861E006EBA8E /* main.m */ = {isa = PBXFileReference; lastKnownFileType = sourcecode.c.objc; path = main.m; sourceTree = "<group>"; };
		F6082978140C861E006EBA8E /* SharedBills-Prefix.pch */ = {isa = PBXFileReference; lastKnownFileType = sourcecode.c.h; path = "SharedBills-Prefix.pch"; sourceTree = "<group>"; };
		F6082979140C861E006EBA8E /* SharedBillsAppDelegate.h */ = {isa = PBXFileReference; lastKnownFileType = sourcecode.c.h; path = SharedBillsAppDelegate.h; sourceTree = "<group>"; };
		F608297A140C861E006EBA8E /* SharedBillsAppDelegate.m */ = {isa = PBXFileReference; lastKnownFileType = sourcecode.c.objc; path = SharedBillsAppDelegate.m; sourceTree = "<group>"; };
		F608297D140C861E006EBA8E /* en */ = {isa = PBXFileReference; lastKnownFileType = file.xib; name = en; path = en.lproj/MainWindow.xib; sourceTree = "<group>"; };
		F608297F140C861E006EBA8E /* FirstViewController.h */ = {isa = PBXFileReference; lastKnownFileType = sourcecode.c.h; path = FirstViewController.h; sourceTree = "<group>"; };
		F6082980140C861E006EBA8E /* FirstViewController.m */ = {isa = PBXFileReference; lastKnownFileType = sourcecode.c.objc; path = FirstViewController.m; sourceTree = "<group>"; };
		F6082982140C861E006EBA8E /* SecondViewController.h */ = {isa = PBXFileReference; lastKnownFileType = sourcecode.c.h; path = SecondViewController.h; sourceTree = "<group>"; };
		F6082983140C861E006EBA8E /* SecondViewController.m */ = {isa = PBXFileReference; lastKnownFileType = sourcecode.c.objc; path = SecondViewController.m; sourceTree = "<group>"; };
		F6082986140C861E006EBA8E /* en */ = {isa = PBXFileReference; lastKnownFileType = file.xib; name = en; path = en.lproj/FirstView.xib; sourceTree = "<group>"; };
		F6082989140C861E006EBA8E /* en */ = {isa = PBXFileReference; lastKnownFileType = file.xib; name = en; path = en.lproj/SecondView.xib; sourceTree = "<group>"; };
/* End PBXFileReference section */

/* Begin PBXFrameworksBuildPhase section */
		F6082963140C861D006EBA8E /* Frameworks */ = {
			isa = PBXFrameworksBuildPhase;
			buildActionMask = 2147483647;
			files = (
				F608296B140C861E006EBA8E /* UIKit.framework in Frameworks */,
				F608296D140C861E006EBA8E /* Foundation.framework in Frameworks */,
				F608296F140C861E006EBA8E /* CoreGraphics.framework in Frameworks */,
			);
			runOnlyForDeploymentPostprocessing = 0;
		};
/* End PBXFrameworksBuildPhase section */

/* Begin PBXGroup section */
		F608295B140C861D006EBA8E = {
			isa = PBXGroup;
			children = (
				F6082970140C861E006EBA8E /* SharedBills */,
				F6082969140C861E006EBA8E /* Frameworks */,
				F6082967140C861D006EBA8E /* Products */,
			);
			sourceTree = "<group>";
		};
		F6082967140C861D006EBA8E /* Products */ = {
			isa = PBXGroup;
			children = (
				F6082966140C861D006EBA8E /* SharedBills.app */,
			);
			name = Products;
			sourceTree = "<group>";
		};
		F6082969140C861E006EBA8E /* Frameworks */ = {
			isa = PBXGroup;
			children = (
				F608296A140C861E006EBA8E /* UIKit.framework */,
				F608296C140C861E006EBA8E /* Foundation.framework */,
				F608296E140C861E006EBA8E /* CoreGraphics.framework */,
			);
			name = Frameworks;
			sourceTree = "<group>";
		};
		F6082970140C861E006EBA8E /* SharedBills */ = {
			isa = PBXGroup;
			children = (
				F6082979140C861E006EBA8E /* SharedBillsAppDelegate.h */,
				F608297A140C861E006EBA8E /* SharedBillsAppDelegate.m */,
				F608297C140C861E006EBA8E /* MainWindow.xib */,
				F608297F140C861E006EBA8E /* FirstViewController.h */,
				F6082980140C861E006EBA8E /* FirstViewController.m */,
				F6082982140C861E006EBA8E /* SecondViewController.h */,
				F6082983140C861E006EBA8E /* SecondViewController.m */,
				F6082985140C861E006EBA8E /* FirstView.xib */,
				F6082988140C861E006EBA8E /* SecondView.xib */,
				F6082971140C861E006EBA8E /* Supporting Files */,
			);
			path = SharedBills;
			sourceTree = "<group>";
		};
		F6082971140C861E006EBA8E /* Supporting Files */ = {
			isa = PBXGroup;
			children = (
				F6082972140C861E006EBA8E /* SharedBills-Info.plist */,
				F6082973140C861E006EBA8E /* InfoPlist.strings */,
				F6082976140C861E006EBA8E /* main.m */,
				F6082978140C861E006EBA8E /* SharedBills-Prefix.pch */,
			);
			name = "Supporting Files";
			sourceTree = "<group>";
		};
/* End PBXGroup section */

/* Begin PBXNativeTarget section */
		F6082965140C861D006EBA8E /* SharedBills */ = {
			isa = PBXNativeTarget;
			buildConfigurationList = F608298D140C861E006EBA8E /* Build configuration list for PBXNativeTarget "SharedBills" */;
			buildPhases = (
				F6082962140C861D006EBA8E /* Sources */,
				F6082963140C861D006EBA8E /* Frameworks */,
				F6082964140C861D006EBA8E /* Resources */,
			);
			buildRules = (
			);
			dependencies = (
			);
			name = SharedBills;
			productName = SharedBills;
			productReference = F6082966140C861D006EBA8E /* SharedBills.app */;
			productType = "com.apple.product-type.application";
		};
/* End PBXNativeTarget section */

/* Begin PBXProject section */
		F608295D140C861D006EBA8E /* Project object */ = {
			isa = PBXProject;
			buildConfigurationList = F6082960140C861D006EBA8E /* Build configuration list for PBXProject "SharedBills" */;
			compatibilityVersion = "Xcode 3.2";
			developmentRegion = English;
			hasScannedForEncodings = 0;
			knownRegions = (
				en,
			);
			mainGroup = F608295B140C861D006EBA8E;
			productRefGroup = F6082967140C861D006EBA8E /* Products */;
			projectDirPath = "";
			projectRoot = "";
			targets = (
				F6082965140C861D006EBA8E /* SharedBills */,
			);
		};
/* End PBXProject section */

/* Begin PBXResourcesBuildPhase section */
		F6082964140C861D006EBA8E /* Resources */ = {
			isa = PBXResourcesBuildPhase;
			buildActionMask = 2147483647;
			files = (
				F6082975140C861E006EBA8E /* InfoPlist.strings in Resources */,
				F608297E140C861E006EBA8E /* MainWindow.xib in Resources */,
				F6082987140C861E006EBA8E /* FirstView.xib in Resources */,
				F608298A140C861E006EBA8E /* SecondView.xib in Resources */,
			);
			runOnlyForDeploymentPostprocessing = 0;
		};
/* End PBXResourcesBuildPhase section */

/* Begin PBXSourcesBuildPhase section */
		F6082962140C861D006EBA8E /* Sources */ = {
			isa = PBXSourcesBuildPhase;
			buildActionMask = 2147483647;
			files = (
				F6082977140C861E006EBA8E /* main.m in Sources */,
				F608297B140C861E006EBA8E /* SharedBillsAppDelegate.m in Sources */,
				F6082981140C861E006EBA8E /* FirstViewController.m in Sources */,
				F6082984140C861E006EBA8E /* SecondViewController.m in Sources */,
			);
			runOnlyForDeploymentPostprocessing = 0;
		};
/* End PBXSourcesBuildPhase section */

/* Begin PBXVariantGroup section */
		F6082973140C861E006EBA8E /* InfoPlist.strings */ = {
			isa = PBXVariantGroup;
			children = (
				F6082974140C861E006EBA8E /* en */,
			);
			name = InfoPlist.strings;
			sourceTree = "<group>";
		};
		F608297C140C861E006EBA8E /* MainWindow.xib */ = {
			isa = PBXVariantGroup;
			children = (
				F608297D140C861E006EBA8E /* en */,
			);
			name = MainWindow.xib;
			sourceTree = "<group>";
		};
		F6082985140C861E006EBA8E /* FirstView.xib */ = {
			isa = PBXVariantGroup;
			children = (
				F6082986140C861E006EBA8E /* en */,
			);
			name = FirstView.xib;
			sourceTree = "<group>";
		};
		F6082988140C861E006EBA8E /* SecondView.xib */ = {
			isa = PBXVariantGroup;
			children = (
				F6082989140C861E006EBA8E /* en */,
			);
			name = SecondView.xib;
			sourceTree = "<group>";
		};
/* End PBXVariantGroup section */

/* Begin XCBuildConfiguration section */
		F608298B140C861E006EBA8E /* Debug */ = {
			isa = XCBuildConfiguration;
			buildSettings = {
				ALWAYS_SEARCH_USER_PATHS = NO;
				ARCHS = "$(ARCHS_STANDARD_32_BIT)";
				"CODE_SIGN_IDENTITY[sdk=iphoneos*]" = "iPhone Developer";
				COPY_PHASE_STRIP = NO;
				GCC_C_LANGUAGE_STANDARD = gnu99;
				GCC_DYNAMIC_NO_PIC = NO;
				GCC_OPTIMIZATION_LEVEL = 0;
				GCC_PREPROCESSOR_DEFINITIONS = (
					"DEBUG=1",
					"$(inherited)",
				);
				GCC_SYMBOLS_PRIVATE_EXTERN = NO;
				GCC_VERSION = com.apple.compilers.llvmgcc42;
				GCC_WARN_ABOUT_MISSING_PROTOTYPES = YES;
				GCC_WARN_ABOUT_RETURN_TYPE = YES;
				GCC_WARN_UNUSED_VARIABLE = YES;
				IPHONEOS_DEPLOYMENT_TARGET = 4.3;
				SDKROOT = iphoneos;
			};
			name = Debug;
		};
		F608298C140C861E006EBA8E /* Release */ = {
			isa = XCBuildConfiguration;
			buildSettings = {
				ALWAYS_SEARCH_USER_PATHS = NO;
				ARCHS = "$(ARCHS_STANDARD_32_BIT)";
				"CODE_SIGN_IDENTITY[sdk=iphoneos*]" = "iPhone Developer";
				COPY_PHASE_STRIP = YES;
				GCC_C_LANGUAGE_STANDARD = gnu99;
				GCC_VERSION = com.apple.compilers.llvmgcc42;
				GCC_WARN_ABOUT_MISSING_PROTOTYPES = YES;
				GCC_WARN_ABOUT_RETURN_TYPE = YES;
				GCC_WARN_UNUSED_VARIABLE = YES;
				IPHONEOS_DEPLOYMENT_TARGET = 4.3;
				OTHER_CFLAGS = "-DNS_BLOCK_ASSERTIONS=1";
				SDKROOT = iphoneos;
				VALIDATE_PRODUCT = YES;
			};
			name = Release;
		};
		F608298E140C861E006EBA8E /* Debug */ = {
			isa = XCBuildConfiguration;
			buildSettings = {
				GCC_PRECOMPILE_PREFIX_HEADER = YES;
				GCC_PREFIX_HEADER = "SharedBills/SharedBills-Prefix.pch";
				INFOPLIST_FILE = "SharedBills/SharedBills-Info.plist";
				PRODUCT_NAME = "$(TARGET_NAME)";
				WRAPPER_EXTENSION = app;
			};
			name = Debug;
		};
		F608298F140C861E006EBA8E /* Release */ = {
			isa = XCBuildConfiguration;
			buildSettings = {
				GCC_PRECOMPILE_PREFIX_HEADER = YES;
				GCC_PREFIX_HEADER = "SharedBills/SharedBills-Prefix.pch";
				INFOPLIST_FILE = "SharedBills/SharedBills-Info.plist";
				PRODUCT_NAME = "$(TARGET_NAME)";
				WRAPPER_EXTENSION = app;
			};
			name = Release;
		};
/* End XCBuildConfiguration section */

/* Begin XCConfigurationList section */
		F6082960140C861D006EBA8E /* Build configuration list for PBXProject "SharedBills" */ = {
			isa = XCConfigurationList;
			buildConfigurations = (
				F608298B140C861E006EBA8E /* Debug */,
				F608298C140C861E006EBA8E /* Release */,
			);
			defaultConfigurationIsVisible = 0;
			defaultConfigurationName = Release;
		};
		F608298D140C861E006EBA8E /* Build configuration list for PBXNativeTarget "SharedBills" */ = {
			isa = XCConfigurationList;
			buildConfigurations = (
				F608298E140C861E006EBA8E /* Debug */,
				F608298F140C861E006EBA8E /* Release */,
			);
			defaultConfigurationIsVisible = 0;
		};
/* End XCConfigurationList section */
	};
	rootObject = F608295D140C861D006EBA8E /* Project object */;
}
